<Solution>
  <Folder Name="/Solution Items/">
    <File Path=".gitignore" />
    <File Path="README.md" />
  </Folder>
  <Project Path="server/Tafa3ul.API/Tafa3ul.API.csproj" Id="408a4e4b-9d3d-4c71-a3f7-58e94cdb166e" />
  <Project Path="server/Tafa3ul.Application/Tafa3ul.Application.csproj" />
  <Project Path="server/Tafa3ul.Domain/Tafa3ul.Domain.csproj" />
  <Project Path="server/Tafa3ul.Infrastructure/Tafa3ul.Infrastructure.csproj" />
</Solution>
